# This file was autogenerated by Stack.
# You should not edit this file by hand.
# For more information, please see the documentation at:
#   https://docs.haskellstack.org/en/stable/lock_files

packages:
- completed:
    hackage: mysql-haskell-0.8.4.2@sha256:aa4187f97f7003b001fa790d4a30556361815349bdb4423e8fb3cb2f07a305de,3489
    pantry-tree:
      size: 1754
      sha256: 4633553610539bf7a0df3f0d03cc8eab8ada3c0c0e8b4edac5b74375c9c3ba8b
  original:
    hackage: mysql-haskell-0.8.4.2@sha256:aa4187f97f7003b001fa790d4a30556361815349bdb4423e8fb3cb2f07a305de,3489
- completed:
    hackage: memory-0.14.18@sha256:a6d7a5a5dc87f995894ee4fd4d91fd1e97529740fae6d40ddbcc12d8a57e94cf,5096
    pantry-tree:
      size: 2509
      sha256: c904c86887d2621f706ca8590dab149e6bc249126c3f849e3adf6f909ba494f8
  original:
    hackage: memory-0.14.18@sha256:a6d7a5a5dc87f995894ee4fd4d91fd1e97529740fae6d40ddbcc12d8a57e94cf,5096
- completed:
    hackage: tcp-streams-1.0.1.1@sha256:35e9ecfa515797052f8c3c01834d2daebd5e93f3152c7fc98b32652bf6f0c052,2329
    pantry-tree:
      size: 1004
      sha256: 572071fca40a0b6c4cc950d10277a6f12e83cf4846882b6ef83fcccaa2c18c45
  original:
    hackage: tcp-streams-1.0.1.1@sha256:35e9ecfa515797052f8c3c01834d2daebd5e93f3152c7fc98b32652bf6f0c052,2329
- completed:
    hackage: tls-1.4.1@sha256:1b76f40f38016e622db7ea46fe162d299a16a6944862fda0f51b371b633d6062,6291
    pantry-tree:
      size: 4065
      sha256: 99242fd333cf5d9d7e5f20fd9575c681f1cec88bfb2c85e6192e5c037c86049c
  original:
    hackage: tls-1.4.1@sha256:1b76f40f38016e622db7ea46fe162d299a16a6944862fda0f51b371b633d6062,6291
- completed:
    hackage: wire-streams-0.1.1.0@sha256:08816c7fa53b20f52e5c465252c106d9de8e6d9580ec0b6d9f000a34c7bcefc8,2130
    pantry-tree:
      size: 506
      sha256: c99a12bfcbeacc5da8f166fbed1eb105a45f08be1a3a071fe9f903b386b14e1d
  original:
    hackage: wire-streams-0.1.1.0@sha256:08816c7fa53b20f52e5c465252c106d9de8e6d9580ec0b6d9f000a34c7bcefc8,2130
- completed:
    hackage: http-conduit-2.3.8@sha256:5a5f23a594dc47754d8670de5b6dffbdf1849417ce9f0a41c4d77ea52232c255,3110
    pantry-tree:
      size: 784
      sha256: 5e8acb3ec6325e9bbb6624f831932a3d770e8e062b2ed314d69f3b3dab61dc88
  original:
    hackage: http-conduit-2.3.8@sha256:5a5f23a594dc47754d8670de5b6dffbdf1849417ce9f0a41c4d77ea52232c255,3110
snapshots:
- completed:
    size: 524996
    url: https://raw.githubusercontent.com/commercialhaskell/stackage-snapshots/master/lts/14/27.yaml
    sha256: 7ea31a280c56bf36ff591a7397cc384d0dff622e7f9e4225b47d8980f019a0f0
  original: lts-14.27
